
Microsoft Visual Studio Solution File, Format Version 9.00
# Visual C++ Express 2005
Project("{8BC9CEB8-8B4A-11D0-8D11-00A0C91BC942}") = "Project", "Project.vcproj", "{71ED993B-7D50-4CD3-8024-9370BC3AD955}"
EndProject
Global
	GlobalSection(SolutionConfigurationPlatforms) = preSolution
		Debug|Win32 = Debug|Win32
		Release|Win32 = Release|Win32
	EndGlobalSection
	GlobalSection(ProjectConfigurationPlatforms) = postSolution
		{71ED993B-7D50-4CD3-8024-9370BC3AD955}.Debug|Win32.ActiveCfg = Debug|Win32
		{71ED993B-7D50-4CD3-8024-9370BC3AD955}.Debug|Win32.Build.0 = Debug|Win32
		{71ED993B-7D50-4CD3-8024-9370BC3AD955}.Release|Win32.ActiveCfg = Release|Win32
		{71ED993B-7D50-4CD3-8024-9370BC3AD955}.Release|Win32.Build.0 = Release|Win32
	EndGlobalSection
	GlobalSection(SolutionProperties) = preSolution
		HideSolutionNode = FALSE
	EndGlobalSection
EndGlobal
